
Microsoft Visual Studio Solution File, Format Version 12.00
Project("{FAE04EC0-301F-11D3-BF4B-00C04F79EFBC}") = "TernaryOperators", "TernaryOperators\TernaryOperators.csproj", "{B641054A-A669-44A3-93B0-AF5FB27CEBF6}"
EndProject
Global
	GlobalSection(SolutionConfigurationPlatforms) = preSolution
		Debug|Any CPU = Debug|Any CPU
		Release|Any CPU = Release|Any CPU
	EndGlobalSection
	GlobalSection(ProjectConfigurationPlatforms) = postSolution
		{B641054A-A669-44A3-93B0-AF5FB27CEBF6}.Debug|Any CPU.ActiveCfg = Debug|Any CPU
		{B641054A-A669-44A3-93B0-AF5FB27CEBF6}.Debug|Any CPU.Build.0 = Debug|Any CPU
		{B641054A-A669-44A3-93B0-AF5FB27CEBF6}.Release|Any CPU.ActiveCfg = Release|Any CPU
		{B641054A-A669-44A3-93B0-AF5FB27CEBF6}.Release|Any CPU.Build.0 = Release|Any CPU
	EndGlobalSection
EndGlobal
